PODS:
  - BubbleTransition (2.0.0)
  - Gecco (0.2.0)
  - LTMorphingLabel (0.3.0)
  - SlideMenuControllerSwift (3.0.0)

DEPENDENCIES:
  - BubbleTransition (from `https://github.com/andreamazz/BubbleTransition`, branch `master`)
  - Gecco
  - LTMorphingLabel (from `https://github.com/lexrus/LTMorphingLabel`, branch `swift3`)
  - SlideMenuControllerSwift (from `https://github.com/dekatotoro/SlideMenuControllerSwift`, branch `master`)

EXTERNAL SOURCES:
  BubbleTransition:
    :branch: master
    :git: https://github.com/andreamazz/BubbleTransition
  LTMorphingLabel:
    :branch: swift3
    :git: https://github.com/lexrus/LTMorphingLabel
  SlideMenuControllerSwift:
    :branch: master
    :git: https://github.com/dekatotoro/SlideMenuControllerSwift

CHECKOUT OPTIONS:
  BubbleTransition:
    :commit: 30c08c298db9379a3919fb07b4ff350815580601
    :git: https://github.com/andreamazz/BubbleTransition
  LTMorphingLabel:
    :commit: 93c60bb1626aa96dbd5e899c82e280d7a785315d
    :git: https://github.com/lexrus/LTMorphingLabel
  SlideMenuControllerSwift:
    :commit: e21d9a7b8f1e5c052fc8abecba8961b69fc576d4
    :git: https://github.com/dekatotoro/SlideMenuControllerSwift

SPEC CHECKSUMS:
  BubbleTransition: bdb9d71993b8d3513008e2dda6bada1ddad25d4f
  Gecco: 27ab0f43da3f8e844771cf641992afdd1ea09c62
  LTMorphingLabel: 2777d8d9cb699125f48dfcd95d78bd3d77c87ade
  SlideMenuControllerSwift: 9c0a84f9a3fba51681debd7be77617094562ebcc

PODFILE CHECKSUM: ac2fe5f6ffe84cff078bc3d21c4f1ab88579d053

COCOAPODS: 1.0.1
